// !$*UTF8*$!
{
	archiveVersion = 1;
	classes = {
	};
	objectVersion = 46;
	objects = {

/* Begin PBXBuildFile section */
		26A921861D2AA459003D4D09 /* AppDelegate.swift in Sources */ = {isa = PBXBuildFile; fileRef = 26A921851D2AA459003D4D09 /* AppDelegate.swift */; };
		26A921881D2AA459003D4D09 /* ViewController.swift in Sources */ = {isa = PBXBuildFile; fileRef = 26A921871D2AA459003D4D09 /* ViewController.swift */; };
		26A9218B1D2AA459003D4D09 /* Main.storyboard in Resources */ = {isa = PBXBuildFile; fileRef = 26A921891D2AA459003D4D09 /* Main.storyboard */; };
		26A9218D1D2AA459003D4D09 /* Assets.xcassets in Resources */ = {isa = PBXBuildFile; fileRef = 26A9218C1D2AA459003D4D09 /* Assets.xcassets */; };
		26A921901D2AA459003D4D09 /* LaunchScreen.storyboard in Resources */ = {isa = PBXBuildFile; fileRef = 26A9218E1D2AA459003D4D09 /* LaunchScreen.storyboard */; };
/* End PBXBuildFile section */

/* Begin PBXFileReference section */
		26A921821D2AA459003D4D09 /* MovieFlicks.app */ = {isa = PBXFileReference; explicitFileType = wrapper.application; includeInIndex = 0; path = MovieFlicks.app; sourceTree = BUILT_PRODUCTS_DIR; };
		26A921851D2AA459003D4D09 /* AppDelegate.swift */ = {isa = PBXFileReference; lastKnownFileType = sourcecode.swift; path = AppDelegate.swift; sourceTree = "<group>"; };
		26A921871D2AA459003D4D09 /* ViewController.swift */ = {isa = PBXFileReference; lastKnownFileType = sourcecode.swift; path = ViewController.swift; sourceTree = "<group>"; };
		26A9218A1D2AA459003D4D09 /* Base */ = {isa = PBXFileReference; lastKnownFileType = file.storyboard; name = Base; path = Base.lproj/Main.storyboard; sourceTree = "<group>"; };
		26A9218C1D2AA459003D4D09 /* Assets.xcassets */ = {isa = PBXFileReference; lastKnownFileType = folder.assetcatalog; path = Assets.xcassets; sourceTree = "<group>"; };
		26A9218F1D2AA459003D4D09 /* Base */ = {isa = PBXFileReference; lastKnownFileType = file.storyboard; name = Base; path = Base.lproj/LaunchScreen.storyboard; sourceTree = "<group>"; };
		26A921911D2AA459003D4D09 /* Info.plist */ = {isa = PBXFileReference; lastKnownFileType = text.plist.xml; path = Info.plist; sourceTree = "<group>"; };
/* End PBXFileReference section */

/* Begin PBXFrameworksBuildPhase section */
		26A9217F1D2AA459003D4D09 /* Frameworks */ = {
			isa = PBXFrameworksBuildPhase;
			buildActionMask = 2147483647;
			files = (
			);
			runOnlyForDeploymentPostprocessing = 0;
		};
/* End PBXFrameworksBuildPhase section */

/* Begin PBXGroup section */
		26A921791D2AA459003D4D09 = {
			isa = PBXGroup;
			children = (
				26A921841D2AA459003D4D09 /* MovieFlicks */,
				26A921971D2AA464003D4D09 /* Supporting */,
				26A921831D2AA459003D4D09 /* Products */,
			);
			sourceTree = "<group>";
		};
		26A921831D2AA459003D4D09 /* Products */ = {
			isa = PBXGroup;
			children = (
				26A921821D2AA459003D4D09 /* MovieFlicks.app */,
			);
			name = Products;
			sourceTree = "<group>";
		};
		26A921841D2AA459003D4D09 /* MovieFlicks */ = {
			isa = PBXGroup;
			children = (
				26A921871D2AA459003D4D09 /* ViewController.swift */,
				26A921891D2AA459003D4D09 /* Main.storyboard */,
			);
			path = MovieFlicks;
			sourceTree = "<group>";
		};
		26A921971D2AA464003D4D09 /* Supporting */ = {
			isa = PBXGroup;
			children = (
				26A921851D2AA459003D4D09 /* AppDelegate.swift */,
				26A9218C1D2AA459003D4D09 /* Assets.xcassets */,
				26A9218E1D2AA459003D4D09 /* LaunchScreen.storyboard */,
				26A921911D2AA459003D4D09 /* Info.plist */,
			);
			name = Supporting;
			path = MovieFlicks;
			sourceTree = "<group>";
		};
/* End PBXGroup section */

/* Begin PBXNativeTarget section */
		26A921811D2AA459003D4D09 /* MovieFlicks */ = {
			isa = PBXNativeTarget;
			buildConfigurationList = 26A921941D2AA459003D4D09 /* Build configuration list for PBXNativeTarget "MovieFlicks" */;
			buildPhases = (
				26A9217E1D2AA459003D4D09 /* Sources */,
				26A9217F1D2AA459003D4D09 /* Frameworks */,
				26A921801D2AA459003D4D09 /* Resources */,
			);
			buildRules = (
			);
			dependencies = (
			);
			name = MovieFlicks;
			productName = MovieFlicks;
			productReference = 26A921821D2AA459003D4D09 /* MovieFlicks.app */;
			productType = "com.apple.product-type.application";
		};
/* End PBXNativeTarget section */

/* Begin PBXProject section */
		26A9217A1D2AA459003D4D09 /* Project object */ = {
			isa = PBXProject;
			attributes = {
				LastSwiftUpdateCheck = 0730;
				LastUpgradeCheck = 0730;
				ORGANIZATIONNAME = "Ky Nguyen";
				TargetAttributes = {
					26A921811D2AA459003D4D09 = {
						CreatedOnToolsVersion = 7.3;
					};
				};
			};
			buildConfigurationList = 26A9217D1D2AA459003D4D09 /* Build configuration list for PBXProject "MovieFlicks" */;
			compatibilityVersion = "Xcode 3.2";
			developmentRegion = English;
			hasScannedForEncodings = 0;
			knownRegions = (
				en,
				Base,
			);
			mainGroup = 26A921791D2AA459003D4D09;
			productRefGroup = 26A921831D2AA459003D4D09 /* Products */;
			projectDirPath = "";
			projectRoot = "";
			targets = (
				26A921811D2AA459003D4D09 /* MovieFlicks */,
			);
		};
/* End PBXProject section */

/* Begin PBXResourcesBuildPhase section */
		26A921801D2AA459003D4D09 /* Resources */ = {
			isa = PBXResourcesBuildPhase;
			buildActionMask = 2147483647;
			files = (
				26A921901D2AA459003D4D09 /* LaunchScreen.storyboard in Resources */,
				26A9218D1D2AA459003D4D09 /* Assets.xcassets in Resources */,
				26A9218B1D2AA459003D4D09 /* Main.storyboard in Resources */,
			);
			runOnlyForDeploymentPostprocessing = 0;
		};
/* End PBXResourcesBuildPhase section */

/* Begin PBXSourcesBuildPhase section */
		26A9217E1D2AA459003D4D09 /* Sources */ = {
			isa = PBXSourcesBuildPhase;
			buildActionMask = 2147483647;
			files = (
				26A921881D2AA459003D4D09 /* ViewController.swift in Sources */,
				26A921861D2AA459003D4D09 /* AppDelegate.swift in Sources */,
			);
			runOnlyForDeploymentPostprocessing = 0;
		};
/* End PBXSourcesBuildPhase section */

/* Begin PBXVariantGroup section */
		26A921891D2AA459003D4D09 /* Main.storyboard */ = {
			isa = PBXVariantGroup;
			children = (
				26A9218A1D2AA459003D4D09 /* Base */,
			);
			name = Main.storyboard;
			sourceTree = "<group>";
		};
		26A9218E1D2AA459003D4D09 /* LaunchScreen.storyboard */ = {
			isa = PBXVariantGroup;
			children = (
				26A9218F1D2AA459003D4D09 /* Base */,
			);
			name = LaunchScreen.storyboard;
			sourceTree = "<group>";
		};
/* End PBXVariantGroup section */

/* Begin XCBuildConfiguration section */
		26A921921D2AA459003D4D09 /* Debug */ = {
			isa = XCBuildConfiguration;
			buildSettings = {
				ALWAYS_SEARCH_USER_PATHS = NO;
				CLANG_ANALYZER_NONNULL = YES;
				CLANG_CXX_LANGUAGE_STANDARD = "gnu++0x";
				CLANG_CXX_LIBRARY = "libc++";
				CLANG_ENABLE_MODULES = YES;
				CLANG_ENABLE_OBJC_ARC = YES;
				CLANG_WARN_BOOL_CONVERSION = YES;
				CLANG_WARN_CONSTANT_CONVERSION = YES;
				CLANG_WARN_DIRECT_OBJC_ISA_USAGE = YES_ERROR;
				CLANG_WARN_EMPTY_BODY = YES;
				CLANG_WARN_ENUM_CONVERSION = YES;
				CLANG_WARN_INT_CONVERSION = YES;
				CLANG_WARN_OBJC_ROOT_CLASS = YES_ERROR;
				CLANG_WARN_UNREACHABLE_CODE = YES;
				CLANG_WARN__DUPLICATE_METHOD_MATCH = YES;
				"CODE_SIGN_IDENTITY[sdk=iphoneos*]" = "iPhone Developer";
				COPY_PHASE_STRIP = NO;
				DEBUG_INFORMATION_FORMAT = dwarf;
				ENABLE_STRICT_OBJC_MSGSEND = YES;
				ENABLE_TESTABILITY = YES;
				GCC_C_LANGUAGE_STANDARD = gnu99;
				GCC_DYNAMIC_NO_PIC = NO;
				GCC_NO_COMMON_BLOCKS = YES;
				GCC_OPTIMIZATION_LEVEL = 0;
				GCC_PREPROCESSOR_DEFINITIONS = (
					"DEBUG=1",
					"$(inherited)",
				);
				GCC_WARN_64_TO_32_BIT_CONVERSION = YES;
				GCC_WARN_ABOUT_RETURN_TYPE = YES_ERROR;
				GCC_WARN_UNDECLARED_SELECTOR = YES;
				GCC_WARN_UNINITIALIZED_AUTOS = YES_AGGRESSIVE;
				GCC_WARN_UNUSED_FUNCTION = YES;
				GCC_WARN_UNUSED_VARIABLE = YES;
				IPHONEOS_DEPLOYMENT_TARGET = 9.3;
				MTL_ENABLE_DEBUG_INFO = YES;
				ONLY_ACTIVE_ARCH = YES;
				SDKROOT = iphoneos;
				SWIFT_OPTIMIZATION_LEVEL = "-Onone";
			};
			name = Debug;
		};
		26A921931D2AA459003D4D09 /* Release */ = {
			isa = XCBuildConfiguration;
			buildSettings = {
				ALWAYS_SEARCH_USER_PATHS = NO;
				CLANG_ANALYZER_NONNULL = YES;
				CLANG_CXX_LANGUAGE_STANDARD = "gnu++0x";
				CLANG_CXX_LIBRARY = "libc++";
				CLANG_ENABLE_MODULES = YES;
				CLANG_ENABLE_OBJC_ARC = YES;
				CLANG_WARN_BOOL_CONVERSION = YES;
				CLANG_WARN_CONSTANT_CONVERSION = YES;
				CLANG_WARN_DIRECT_OBJC_ISA_USAGE = YES_ERROR;
				CLANG_WARN_EMPTY_BODY = YES;
				CLANG_WARN_ENUM_CONVERSION = YES;
				CLANG_WARN_INT_CONVERSION = YES;
				CLANG_WARN_OBJC_ROOT_CLASS = YES_ERROR;
				CLANG_WARN_UNREACHABLE_CODE = YES;
				CLANG_WARN__DUPLICATE_METHOD_MATCH = YES;
				"CODE_SIGN_IDENTITY[sdk=iphoneos*]" = "iPhone Developer";
				COPY_PHASE_STRIP = NO;
				DEBUG_INFORMATION_FORMAT = "dwarf-with-dsym";
				ENABLE_NS_ASSERTIONS = NO;
				ENABLE_STRICT_OBJC_MSGSEND = YES;
				GCC_C_LANGUAGE_STANDARD = gnu99;
				GCC_NO_COMMON_BLOCKS = YES;
				GCC_WARN_64_TO_32_BIT_CONVERSION = YES;
				GCC_WARN_ABOUT_RETURN_TYPE = YES_ERROR;
				GCC_WARN_UNDECLARED_SELECTOR = YES;
				GCC_WARN_UNINITIALIZED_AUTOS = YES_AGGRESSIVE;
				GCC_WARN_UNUSED_FUNCTION = YES;
				GCC_WARN_UNUSED_VARIABLE = YES;
				IPHONEOS_DEPLOYMENT_TARGET = 9.3;
				MTL_ENABLE_DEBUG_INFO = NO;
				SDKROOT = iphoneos;
				VALIDATE_PRODUCT = YES;
			};
			name = Release;
		};
		26A921951D2AA459003D4D09 /* Debug */ = {
			isa = XCBuildConfiguration;
			buildSettings = {
				ASSETCATALOG_COMPILER_APPICON_NAME = AppIcon;
				INFOPLIST_FILE = MovieFlicks/Info.plist;
				LD_RUNPATH_SEARCH_PATHS = "$(inherited) @executable_path/Frameworks";
				PRODUCT_BUNDLE_IDENTIFIER = phuot.MovieFlicks;
				PRODUCT_NAME = "$(TARGET_NAME)";
			};
			name = Debug;
		};
		26A921961D2AA459003D4D09 /* Release */ = {
			isa = XCBuildConfiguration;
			buildSettings = {
				ASSETCATALOG_COMPILER_APPICON_NAME = AppIcon;
				INFOPLIST_FILE = MovieFlicks/Info.plist;
				LD_RUNPATH_SEARCH_PATHS = "$(inherited) @executable_path/Frameworks";
				PRODUCT_BUNDLE_IDENTIFIER = phuot.MovieFlicks;
				PRODUCT_NAME = "$(TARGET_NAME)";
			};
			name = Release;
		};
/* End XCBuildConfiguration section */

/* Begin XCConfigurationList section */
		26A9217D1D2AA459003D4D09 /* Build configuration list for PBXProject "MovieFlicks" */ = {
			isa = XCConfigurationList;
			buildConfigurations = (
				26A921921D2AA459003D4D09 /* Debug */,
				26A921931D2AA459003D4D09 /* Release */,
			);
			defaultConfigurationIsVisible = 0;
			defaultConfigurationName = Release;
		};
		26A921941D2AA459003D4D09 /* Build configuration list for PBXNativeTarget "MovieFlicks" */ = {
			isa = XCConfigurationList;
			buildConfigurations = (
				26A921951D2AA459003D4D09 /* Debug */,
				26A921961D2AA459003D4D09 /* Release */,
			);
			defaultConfigurationIsVisible = 0;
		};
/* End XCConfigurationList section */
	};
	rootObject = 26A9217A1D2AA459003D4D09 /* Project object */;
}
